
Microsoft Visual Studio Solution File, Format Version 12.00
# Visual Studio Version 16
VisualStudioVersion = 16.0.28701.123
MinimumVisualStudioVersion = 10.0.40219.1
Project("{2150E333-8FDC-42A3-9474-1A3956D46DE8}") = "Configurations", "Configurations", "{4F2CED81-4FE5-40E9-90FB-5B2C75349EE2}"
	ProjectSection(SolutionItems) = preProject
		.gitattributes = .gitattributes
		.gitignore = .gitignore
	EndProjectSection
EndProject
Project("{2150E333-8FDC-42A3-9474-1A3956D46DE8}") = "Documentation", "Documentation", "{8E0839A9-20F2-4E6B-A054-952A32BEED8D}"
	ProjectSection(SolutionItems) = preProject
		Documentation\ArgumentReaders.md = Documentation\ArgumentReaders.md
		Documentation\ObservableObject.md = Documentation\ObservableObject.md
		Documentation\ObservableObjectCompare.md = Documentation\ObservableObjectCompare.md
		Documentation\ObservableTypeProvider.md = Documentation\ObservableTypeProvider.md
		Documentation\ValueEquals.md = Documentation\ValueEquals.md
		Documentation\ValueValidate.md = Documentation\ValueValidate.md
	EndProjectSection
EndProject
Project("{2150E333-8FDC-42A3-9474-1A3956D46DE8}") = "RepositoryItems", "RepositoryItems", "{B262C00E-D990-4C24-93AC-9D11B260552A}"
	ProjectSection(SolutionItems) = preProject
		LICENSE.txt = LICENSE.txt
		README.md = README.md
	EndProjectSection
EndProject
Project("{2150E333-8FDC-42A3-9474-1A3956D46DE8}") = "SolutionItems", "SolutionItems", "{39421A54-3AA8-40D6-BAAA-6B0E75AB9D61}"
	ProjectSection(SolutionItems) = preProject
		DotNetExtensions.snk = DotNetExtensions.snk
	EndProjectSection
EndProject
Project("{9A19103F-16F7-4668-BE54-9A1E7A4F7556}") = "UnitTests", "UnitTests\UnitTests.csproj", "{BA4F1AD2-DACC-4B0D-BBC8-771D83C32CED}"
EndProject
Project("{9A19103F-16F7-4668-BE54-9A1E7A4F7556}") = "XstarS.ArgumentReaders", "XstarS.ArgumentReaders\XstarS.ArgumentReaders.csproj", "{B5EF52C2-DE52-4ADD-ACD7-191A6BBC426E}"
EndProject
Project("{9A19103F-16F7-4668-BE54-9A1E7A4F7556}") = "XstarS.Core", "XstarS.Core\XstarS.Core.csproj", "{0CB35110-130B-4359-BA62-5585C12E44A7}"
EndProject
Project("{9A19103F-16F7-4668-BE54-9A1E7A4F7556}") = "XstarS.Deconstructable", "XstarS.Deconstructable\XstarS.Deconstructable.csproj", "{A7169450-C2E3-4D1D-A69D-B6A51EC7357F}"
EndProject
Project("{9A19103F-16F7-4668-BE54-9A1E7A4F7556}") = "XstarS.DispatchProxy", "XstarS.DispatchProxy\XstarS.DispatchProxy.csproj", "{0C98D0FF-1256-4C40-80FC-E722FFA7D891}"
EndProject
Project("{9A19103F-16F7-4668-BE54-9A1E7A4F7556}") = "XstarS.DynamicProxy", "XstarS.DynamicProxy\XstarS.DynamicProxy.csproj", "{22963809-2D60-44CE-B7F4-8143E8D2AC48}"
EndProject
Project("{9A19103F-16F7-4668-BE54-9A1E7A4F7556}") = "XstarS.ObjectModel", "XstarS.ObjectModel\XstarS.ObjectModel.csproj", "{1CD40780-2782-4FC0-956A-9A9AA2CB79AB}"
EndProject
Project("{9A19103F-16F7-4668-BE54-9A1E7A4F7556}") = "XstarS.ObservableProxy", "XstarS.ObservableProxy\XstarS.ObservableProxy.csproj", "{BE082600-979D-4DA8-A1D9-F966173FCB30}"
EndProject
Project("{9A19103F-16F7-4668-BE54-9A1E7A4F7556}") = "XstarS.Primitives", "XstarS.Primitives\XstarS.Primitives.csproj", "{FFF406FE-3738-4899-8136-4B2823DC7FEC}"
EndProject
Project("{9A19103F-16F7-4668-BE54-9A1E7A4F7556}") = "XstarS.Unions", "XstarS.Unions\XstarS.Unions.csproj", "{27B5E3DA-78F3-41D6-8C03-C01A2CB9EFE5}"
EndProject
Project("{9A19103F-16F7-4668-BE54-9A1E7A4F7556}") = "XstarS.ValueValidate", "XstarS.ValueValidate\XstarS.ValueValidate.csproj", "{6690ECA8-ABC2-4B83-BD3F-AEDBBCE69C8D}"
EndProject
Project("{9A19103F-16F7-4668-BE54-9A1E7A4F7556}") = "XstarS.Win32", "XstarS.Win32\XstarS.Win32.csproj", "{0B423D1F-050E-4843-86EC-A41D77CD5AF4}"
EndProject
Project("{9A19103F-16F7-4668-BE54-9A1E7A4F7556}") = "XstarS.Windows", "XstarS.Windows\XstarS.Windows.csproj", "{665560E7-547C-42EF-A1C7-2887E2089430}"
EndProject
Global
	GlobalSection(SolutionConfigurationPlatforms) = preSolution
		Debug|Any CPU = Debug|Any CPU
		Release|Any CPU = Release|Any CPU
	EndGlobalSection
	GlobalSection(ProjectConfigurationPlatforms) = postSolution
		{BA4F1AD2-DACC-4B0D-BBC8-771D83C32CED}.Debug|Any CPU.ActiveCfg = Debug|Any CPU
		{BA4F1AD2-DACC-4B0D-BBC8-771D83C32CED}.Debug|Any CPU.Build.0 = Debug|Any CPU
		{BA4F1AD2-DACC-4B0D-BBC8-771D83C32CED}.Release|Any CPU.ActiveCfg = Release|Any CPU
		{BA4F1AD2-DACC-4B0D-BBC8-771D83C32CED}.Release|Any CPU.Build.0 = Release|Any CPU
		{B5EF52C2-DE52-4ADD-ACD7-191A6BBC426E}.Debug|Any CPU.ActiveCfg = Debug|Any CPU
		{B5EF52C2-DE52-4ADD-ACD7-191A6BBC426E}.Debug|Any CPU.Build.0 = Debug|Any CPU
		{B5EF52C2-DE52-4ADD-ACD7-191A6BBC426E}.Release|Any CPU.ActiveCfg = Release|Any CPU
		{B5EF52C2-DE52-4ADD-ACD7-191A6BBC426E}.Release|Any CPU.Build.0 = Release|Any CPU
		{0CB35110-130B-4359-BA62-5585C12E44A7}.Debug|Any CPU.ActiveCfg = Debug|Any CPU
		{0CB35110-130B-4359-BA62-5585C12E44A7}.Debug|Any CPU.Build.0 = Debug|Any CPU
		{0CB35110-130B-4359-BA62-5585C12E44A7}.Release|Any CPU.ActiveCfg = Release|Any CPU
		{0CB35110-130B-4359-BA62-5585C12E44A7}.Release|Any CPU.Build.0 = Release|Any CPU
		{A7169450-C2E3-4D1D-A69D-B6A51EC7357F}.Debug|Any CPU.ActiveCfg = Debug|Any CPU
		{A7169450-C2E3-4D1D-A69D-B6A51EC7357F}.Debug|Any CPU.Build.0 = Debug|Any CPU
		{A7169450-C2E3-4D1D-A69D-B6A51EC7357F}.Release|Any CPU.ActiveCfg = Release|Any CPU
		{A7169450-C2E3-4D1D-A69D-B6A51EC7357F}.Release|Any CPU.Build.0 = Release|Any CPU
		{0C98D0FF-1256-4C40-80FC-E722FFA7D891}.Debug|Any CPU.ActiveCfg = Debug|Any CPU
		{0C98D0FF-1256-4C40-80FC-E722FFA7D891}.Debug|Any CPU.Build.0 = Debug|Any CPU
		{0C98D0FF-1256-4C40-80FC-E722FFA7D891}.Release|Any CPU.ActiveCfg = Release|Any CPU
		{0C98D0FF-1256-4C40-80FC-E722FFA7D891}.Release|Any CPU.Build.0 = Release|Any CPU
		{22963809-2D60-44CE-B7F4-8143E8D2AC48}.Debug|Any CPU.ActiveCfg = Debug|Any CPU
		{22963809-2D60-44CE-B7F4-8143E8D2AC48}.Debug|Any CPU.Build.0 = Debug|Any CPU
		{22963809-2D60-44CE-B7F4-8143E8D2AC48}.Release|Any CPU.ActiveCfg = Release|Any CPU
		{22963809-2D60-44CE-B7F4-8143E8D2AC48}.Release|Any CPU.Build.0 = Release|Any CPU
		{1CD40780-2782-4FC0-956A-9A9AA2CB79AB}.Debug|Any CPU.ActiveCfg = Debug|Any CPU
		{1CD40780-2782-4FC0-956A-9A9AA2CB79AB}.Debug|Any CPU.Build.0 = Debug|Any CPU
		{1CD40780-2782-4FC0-956A-9A9AA2CB79AB}.Release|Any CPU.ActiveCfg = Release|Any CPU
		{1CD40780-2782-4FC0-956A-9A9AA2CB79AB}.Release|Any CPU.Build.0 = Release|Any CPU
		{BE082600-979D-4DA8-A1D9-F966173FCB30}.Debug|Any CPU.ActiveCfg = Debug|Any CPU
		{BE082600-979D-4DA8-A1D9-F966173FCB30}.Debug|Any CPU.Build.0 = Debug|Any CPU
		{BE082600-979D-4DA8-A1D9-F966173FCB30}.Release|Any CPU.ActiveCfg = Release|Any CPU
		{BE082600-979D-4DA8-A1D9-F966173FCB30}.Release|Any CPU.Build.0 = Release|Any CPU
		{FFF406FE-3738-4899-8136-4B2823DC7FEC}.Debug|Any CPU.ActiveCfg = Debug|Any CPU
		{FFF406FE-3738-4899-8136-4B2823DC7FEC}.Debug|Any CPU.Build.0 = Debug|Any CPU
		{FFF406FE-3738-4899-8136-4B2823DC7FEC}.Release|Any CPU.ActiveCfg = Release|Any CPU
		{FFF406FE-3738-4899-8136-4B2823DC7FEC}.Release|Any CPU.Build.0 = Release|Any CPU
		{27B5E3DA-78F3-41D6-8C03-C01A2CB9EFE5}.Debug|Any CPU.ActiveCfg = Debug|Any CPU
		{27B5E3DA-78F3-41D6-8C03-C01A2CB9EFE5}.Debug|Any CPU.Build.0 = Debug|Any CPU
		{27B5E3DA-78F3-41D6-8C03-C01A2CB9EFE5}.Release|Any CPU.ActiveCfg = Release|Any CPU
		{27B5E3DA-78F3-41D6-8C03-C01A2CB9EFE5}.Release|Any CPU.Build.0 = Release|Any CPU
		{6690ECA8-ABC2-4B83-BD3F-AEDBBCE69C8D}.Debug|Any CPU.ActiveCfg = Debug|Any CPU
		{6690ECA8-ABC2-4B83-BD3F-AEDBBCE69C8D}.Debug|Any CPU.Build.0 = Debug|Any CPU
		{6690ECA8-ABC2-4B83-BD3F-AEDBBCE69C8D}.Release|Any CPU.ActiveCfg = Release|Any CPU
		{6690ECA8-ABC2-4B83-BD3F-AEDBBCE69C8D}.Release|Any CPU.Build.0 = Release|Any CPU
		{0B423D1F-050E-4843-86EC-A41D77CD5AF4}.Debug|Any CPU.ActiveCfg = Debug|Any CPU
		{0B423D1F-050E-4843-86EC-A41D77CD5AF4}.Debug|Any CPU.Build.0 = Debug|Any CPU
		{0B423D1F-050E-4843-86EC-A41D77CD5AF4}.Release|Any CPU.ActiveCfg = Release|Any CPU
		{0B423D1F-050E-4843-86EC-A41D77CD5AF4}.Release|Any CPU.Build.0 = Release|Any CPU
		{665560E7-547C-42EF-A1C7-2887E2089430}.Debug|Any CPU.ActiveCfg = Debug|Any CPU
		{665560E7-547C-42EF-A1C7-2887E2089430}.Debug|Any CPU.Build.0 = Debug|Any CPU
		{665560E7-547C-42EF-A1C7-2887E2089430}.Release|Any CPU.ActiveCfg = Release|Any CPU
		{665560E7-547C-42EF-A1C7-2887E2089430}.Release|Any CPU.Build.0 = Release|Any CPU
	EndGlobalSection
	GlobalSection(SolutionProperties) = preSolution
		HideSolutionNode = FALSE
	EndGlobalSection
	GlobalSection(ExtensibilityGlobals) = postSolution
		SolutionGuid = {C9C30AA6-6808-4F08-A66A-D29DDF7EFE2C}
	EndGlobalSection
EndGlobal
