
Microsoft Visual Studio Solution File, Format Version 12.00
# Visual Studio 15
VisualStudioVersion = 15.0.27703.2042
MinimumVisualStudioVersion = 10.0.40219.1
Project("{FAE04EC0-301F-11D3-BF4B-00C04F79EFBC}") = "XstarS.ParamReader", "XstarS.ParamReader\XstarS.ParamReader.csproj", "{38A8CE36-4C72-45DB-B51A-D6CA4875658E}"
EndProject
Project("{FAE04EC0-301F-11D3-BF4B-00C04F79EFBC}") = "System.ComponentModel.Binding", "System.ComponentModel.Binding\System.ComponentModel.Binding.csproj", "{D344D43C-E9C8-45DA-A307-1B5BB034297A}"
EndProject
Project("{FAE04EC0-301F-11D3-BF4B-00C04F79EFBC}") = "XstarS.IO", "XstarS.IO\XstarS.IO.csproj", "{D37B0619-DB11-4712-B414-64F32DD0DCF9}"
EndProject
Project("{FAE04EC0-301F-11D3-BF4B-00C04F79EFBC}") = "XstarS.Collections", "XstarS.Collections\XstarS.Collections.csproj", "{1E06FD4C-5995-4245-9D74-3C277ACAB645}"
EndProject
Global
	GlobalSection(SolutionConfigurationPlatforms) = preSolution
		Debug|Any CPU = Debug|Any CPU
		Release|Any CPU = Release|Any CPU
	EndGlobalSection
	GlobalSection(ProjectConfigurationPlatforms) = postSolution
		{38A8CE36-4C72-45DB-B51A-D6CA4875658E}.Debug|Any CPU.ActiveCfg = Debug|Any CPU
		{38A8CE36-4C72-45DB-B51A-D6CA4875658E}.Debug|Any CPU.Build.0 = Debug|Any CPU
		{38A8CE36-4C72-45DB-B51A-D6CA4875658E}.Release|Any CPU.ActiveCfg = Release|Any CPU
		{38A8CE36-4C72-45DB-B51A-D6CA4875658E}.Release|Any CPU.Build.0 = Release|Any CPU
		{D344D43C-E9C8-45DA-A307-1B5BB034297A}.Debug|Any CPU.ActiveCfg = Debug|Any CPU
		{D344D43C-E9C8-45DA-A307-1B5BB034297A}.Debug|Any CPU.Build.0 = Debug|Any CPU
		{D344D43C-E9C8-45DA-A307-1B5BB034297A}.Release|Any CPU.ActiveCfg = Release|Any CPU
		{D344D43C-E9C8-45DA-A307-1B5BB034297A}.Release|Any CPU.Build.0 = Release|Any CPU
		{D37B0619-DB11-4712-B414-64F32DD0DCF9}.Debug|Any CPU.ActiveCfg = Debug|Any CPU
		{D37B0619-DB11-4712-B414-64F32DD0DCF9}.Debug|Any CPU.Build.0 = Debug|Any CPU
		{D37B0619-DB11-4712-B414-64F32DD0DCF9}.Release|Any CPU.ActiveCfg = Release|Any CPU
		{D37B0619-DB11-4712-B414-64F32DD0DCF9}.Release|Any CPU.Build.0 = Release|Any CPU
		{1E06FD4C-5995-4245-9D74-3C277ACAB645}.Debug|Any CPU.ActiveCfg = Debug|Any CPU
		{1E06FD4C-5995-4245-9D74-3C277ACAB645}.Debug|Any CPU.Build.0 = Debug|Any CPU
		{1E06FD4C-5995-4245-9D74-3C277ACAB645}.Release|Any CPU.ActiveCfg = Release|Any CPU
		{1E06FD4C-5995-4245-9D74-3C277ACAB645}.Release|Any CPU.Build.0 = Release|Any CPU
	EndGlobalSection
	GlobalSection(SolutionProperties) = preSolution
		HideSolutionNode = FALSE
	EndGlobalSection
	GlobalSection(ExtensibilityGlobals) = postSolution
		SolutionGuid = {40651265-F1D3-4C11-B76F-FA5B2296BAFB}
	EndGlobalSection
EndGlobal
