
Microsoft Visual Studio Solution File, Format Version 12.00
# Visual Studio 15
VisualStudioVersion = 15.0.27703.2042
MinimumVisualStudioVersion = 10.0.40219.1
Project("{FAE04EC0-301F-11D3-BF4B-00C04F79EFBC}") = "XstarS.ComponentModel.Binding", "XstarS.ComponentModel.Binding\XstarS.ComponentModel.Binding.csproj", "{D344D43C-E9C8-45DA-A307-1B5BB034297A}"
EndProject
Project("{FAE04EC0-301F-11D3-BF4B-00C04F79EFBC}") = "XstarS", "XstarS\XstarS.csproj", "{E29BB8E6-B6AE-47DA-AB01-75C5E512CCB2}"
EndProject
Project("{FAE04EC0-301F-11D3-BF4B-00C04F79EFBC}") = "XstarS.ValueValidate", "XstarS.ValueValidate\XstarS.ValueValidate.csproj", "{B1B22882-67EA-41E6-95CE-1F77154BCC73}"
EndProject
Project("{FAE04EC0-301F-11D3-BF4B-00C04F79EFBC}") = "XstarS.Windows", "XstarS.Windows\XstarS.Windows.csproj", "{3D03DA2F-3376-40B7-9092-0617EBD7D2FA}"
EndProject
Project("{FAE04EC0-301F-11D3-BF4B-00C04F79EFBC}") = "XstarS.ParamReaders", "XstarS.ParamReaders\XstarS.ParamReaders.csproj", "{27B2433D-ED87-4920-B420-2E2633CABF3B}"
EndProject
Global
	GlobalSection(SolutionConfigurationPlatforms) = preSolution
		Debug|Any CPU = Debug|Any CPU
		Release|Any CPU = Release|Any CPU
	EndGlobalSection
	GlobalSection(ProjectConfigurationPlatforms) = postSolution
		{D344D43C-E9C8-45DA-A307-1B5BB034297A}.Debug|Any CPU.ActiveCfg = Debug|Any CPU
		{D344D43C-E9C8-45DA-A307-1B5BB034297A}.Debug|Any CPU.Build.0 = Debug|Any CPU
		{D344D43C-E9C8-45DA-A307-1B5BB034297A}.Release|Any CPU.ActiveCfg = Release|Any CPU
		{D344D43C-E9C8-45DA-A307-1B5BB034297A}.Release|Any CPU.Build.0 = Release|Any CPU
		{E29BB8E6-B6AE-47DA-AB01-75C5E512CCB2}.Debug|Any CPU.ActiveCfg = Debug|Any CPU
		{E29BB8E6-B6AE-47DA-AB01-75C5E512CCB2}.Debug|Any CPU.Build.0 = Debug|Any CPU
		{E29BB8E6-B6AE-47DA-AB01-75C5E512CCB2}.Release|Any CPU.ActiveCfg = Release|Any CPU
		{E29BB8E6-B6AE-47DA-AB01-75C5E512CCB2}.Release|Any CPU.Build.0 = Release|Any CPU
		{B1B22882-67EA-41E6-95CE-1F77154BCC73}.Debug|Any CPU.ActiveCfg = Debug|Any CPU
		{B1B22882-67EA-41E6-95CE-1F77154BCC73}.Debug|Any CPU.Build.0 = Debug|Any CPU
		{B1B22882-67EA-41E6-95CE-1F77154BCC73}.Release|Any CPU.ActiveCfg = Release|Any CPU
		{B1B22882-67EA-41E6-95CE-1F77154BCC73}.Release|Any CPU.Build.0 = Release|Any CPU
		{3D03DA2F-3376-40B7-9092-0617EBD7D2FA}.Debug|Any CPU.ActiveCfg = Debug|Any CPU
		{3D03DA2F-3376-40B7-9092-0617EBD7D2FA}.Debug|Any CPU.Build.0 = Debug|Any CPU
		{3D03DA2F-3376-40B7-9092-0617EBD7D2FA}.Release|Any CPU.ActiveCfg = Release|Any CPU
		{3D03DA2F-3376-40B7-9092-0617EBD7D2FA}.Release|Any CPU.Build.0 = Release|Any CPU
		{27B2433D-ED87-4920-B420-2E2633CABF3B}.Debug|Any CPU.ActiveCfg = Debug|Any CPU
		{27B2433D-ED87-4920-B420-2E2633CABF3B}.Debug|Any CPU.Build.0 = Debug|Any CPU
		{27B2433D-ED87-4920-B420-2E2633CABF3B}.Release|Any CPU.ActiveCfg = Release|Any CPU
		{27B2433D-ED87-4920-B420-2E2633CABF3B}.Release|Any CPU.Build.0 = Release|Any CPU
	EndGlobalSection
	GlobalSection(SolutionProperties) = preSolution
		HideSolutionNode = FALSE
	EndGlobalSection
	GlobalSection(ExtensibilityGlobals) = postSolution
		SolutionGuid = {40651265-F1D3-4C11-B76F-FA5B2296BAFB}
	EndGlobalSection
EndGlobal
